// !$*UTF8*$!
{
	archiveVersion = 1;
	classes = {
	};
	objectVersion = 56;
	objects = {

/* Begin PBXBuildFile section */
		14579DAD2A9E388D00D1AE56 /* AppDelegate.swift in Sources */ = {isa = PBXBuildFile; fileRef = 14579DAC2A9E388D00D1AE56 /* AppDelegate.swift */; };
		14579DAF2A9E388D00D1AE56 /* SceneDelegate.swift in Sources */ = {isa = PBXBuildFile; fileRef = 14579DAE2A9E388D00D1AE56 /* SceneDelegate.swift */; };
		14579DB12A9E388D00D1AE56 /* ViewController.swift in Sources */ = {isa = PBXBuildFile; fileRef = 14579DB02A9E388D00D1AE56 /* ViewController.swift */; };
		14579DB42A9E388D00D1AE56 /* Main.storyboard in Resources */ = {isa = PBXBuildFile; fileRef = 14579DB22A9E388D00D1AE56 /* Main.storyboard */; };
		14579DB72A9E388D00D1AE56 /* GetInfoNotes.xcdatamodeld in Sources */ = {isa = PBXBuildFile; fileRef = 14579DB52A9E388D00D1AE56 /* GetInfoNotes.xcdatamodeld */; };
		14579DB92A9E388E00D1AE56 /* Assets.xcassets in Resources */ = {isa = PBXBuildFile; fileRef = 14579DB82A9E388E00D1AE56 /* Assets.xcassets */; };
		14579DBC2A9E388E00D1AE56 /* LaunchScreen.storyboard in Resources */ = {isa = PBXBuildFile; fileRef = 14579DBA2A9E388E00D1AE56 /* LaunchScreen.storyboard */; };
		14579DC72A9E388E00D1AE56 /* GetInfoNotesTests.swift in Sources */ = {isa = PBXBuildFile; fileRef = 14579DC62A9E388E00D1AE56 /* GetInfoNotesTests.swift */; };
		14579DD12A9E388E00D1AE56 /* GetInfoNotesUITests.swift in Sources */ = {isa = PBXBuildFile; fileRef = 14579DD02A9E388E00D1AE56 /* GetInfoNotesUITests.swift */; };
		14579DD32A9E388E00D1AE56 /* GetInfoNotesUITestsLaunchTests.swift in Sources */ = {isa = PBXBuildFile; fileRef = 14579DD22A9E388E00D1AE56 /* GetInfoNotesUITestsLaunchTests.swift */; };
/* End PBXBuildFile section */

/* Begin PBXContainerItemProxy section */
		14579DC32A9E388E00D1AE56 /* PBXContainerItemProxy */ = {
			isa = PBXContainerItemProxy;
			containerPortal = 14579DA12A9E388D00D1AE56 /* Project object */;
			proxyType = 1;
			remoteGlobalIDString = 14579DA82A9E388D00D1AE56;
			remoteInfo = GetInfoNotes;
		};
		14579DCD2A9E388E00D1AE56 /* PBXContainerItemProxy */ = {
			isa = PBXContainerItemProxy;
			containerPortal = 14579DA12A9E388D00D1AE56 /* Project object */;
			proxyType = 1;
			remoteGlobalIDString = 14579DA82A9E388D00D1AE56;
			remoteInfo = GetInfoNotes;
		};
/* End PBXContainerItemProxy section */

/* Begin PBXFileReference section */
		14579DA92A9E388D00D1AE56 /* GetInfoNotes.app */ = {isa = PBXFileReference; explicitFileType = wrapper.application; includeInIndex = 0; path = GetInfoNotes.app; sourceTree = BUILT_PRODUCTS_DIR; };
		14579DAC2A9E388D00D1AE56 /* AppDelegate.swift */ = {isa = PBXFileReference; lastKnownFileType = sourcecode.swift; path = AppDelegate.swift; sourceTree = "<group>"; };
		14579DAE2A9E388D00D1AE56 /* SceneDelegate.swift */ = {isa = PBXFileReference; lastKnownFileType = sourcecode.swift; path = SceneDelegate.swift; sourceTree = "<group>"; };
		14579DB02A9E388D00D1AE56 /* ViewController.swift */ = {isa = PBXFileReference; lastKnownFileType = sourcecode.swift; path = ViewController.swift; sourceTree = "<group>"; };
		14579DB32A9E388D00D1AE56 /* Base */ = {isa = PBXFileReference; lastKnownFileType = file.storyboard; name = Base; path = Base.lproj/Main.storyboard; sourceTree = "<group>"; };
		14579DB62A9E388D00D1AE56 /* GetInfoNotes.xcdatamodel */ = {isa = PBXFileReference; lastKnownFileType = wrapper.xcdatamodel; path = GetInfoNotes.xcdatamodel; sourceTree = "<group>"; };
		14579DB82A9E388E00D1AE56 /* Assets.xcassets */ = {isa = PBXFileReference; lastKnownFileType = folder.assetcatalog; path = Assets.xcassets; sourceTree = "<group>"; };
		14579DBB2A9E388E00D1AE56 /* Base */ = {isa = PBXFileReference; lastKnownFileType = file.storyboard; name = Base; path = Base.lproj/LaunchScreen.storyboard; sourceTree = "<group>"; };
		14579DBD2A9E388E00D1AE56 /* Info.plist */ = {isa = PBXFileReference; lastKnownFileType = text.plist.xml; path = Info.plist; sourceTree = "<group>"; };
		14579DC22A9E388E00D1AE56 /* GetInfoNotesTests.xctest */ = {isa = PBXFileReference; explicitFileType = wrapper.cfbundle; includeInIndex = 0; path = GetInfoNotesTests.xctest; sourceTree = BUILT_PRODUCTS_DIR; };
		14579DC62A9E388E00D1AE56 /* GetInfoNotesTests.swift */ = {isa = PBXFileReference; lastKnownFileType = sourcecode.swift; path = GetInfoNotesTests.swift; sourceTree = "<group>"; };
		14579DCC2A9E388E00D1AE56 /* GetInfoNotesUITests.xctest */ = {isa = PBXFileReference; explicitFileType = wrapper.cfbundle; includeInIndex = 0; path = GetInfoNotesUITests.xctest; sourceTree = BUILT_PRODUCTS_DIR; };
		14579DD02A9E388E00D1AE56 /* GetInfoNotesUITests.swift */ = {isa = PBXFileReference; lastKnownFileType = sourcecode.swift; path = GetInfoNotesUITests.swift; sourceTree = "<group>"; };
		14579DD22A9E388E00D1AE56 /* GetInfoNotesUITestsLaunchTests.swift */ = {isa = PBXFileReference; lastKnownFileType = sourcecode.swift; path = GetInfoNotesUITestsLaunchTests.swift; sourceTree = "<group>"; };
/* End PBXFileReference section */

/* Begin PBXFrameworksBuildPhase section */
		14579DA62A9E388D00D1AE56 /* Frameworks */ = {
			isa = PBXFrameworksBuildPhase;
			buildActionMask = 2147483647;
			files = (
			);
			runOnlyForDeploymentPostprocessing = 0;
		};
		14579DBF2A9E388E00D1AE56 /* Frameworks */ = {
			isa = PBXFrameworksBuildPhase;
			buildActionMask = 2147483647;
			files = (
			);
			runOnlyForDeploymentPostprocessing = 0;
		};
		14579DC92A9E388E00D1AE56 /* Frameworks */ = {
			isa = PBXFrameworksBuildPhase;
			buildActionMask = 2147483647;
			files = (
			);
			runOnlyForDeploymentPostprocessing = 0;
		};
/* End PBXFrameworksBuildPhase section */

/* Begin PBXGroup section */
		14579DA02A9E388D00D1AE56 = {
			isa = PBXGroup;
			children = (
				14579DAB2A9E388D00D1AE56 /* GetInfoNotes */,
				14579DC52A9E388E00D1AE56 /* GetInfoNotesTests */,
				14579DCF2A9E388E00D1AE56 /* GetInfoNotesUITests */,
				14579DAA2A9E388D00D1AE56 /* Products */,
			);
			sourceTree = "<group>";
		};
		14579DAA2A9E388D00D1AE56 /* Products */ = {
			isa = PBXGroup;
			children = (
				14579DA92A9E388D00D1AE56 /* GetInfoNotes.app */,
				14579DC22A9E388E00D1AE56 /* GetInfoNotesTests.xctest */,
				14579DCC2A9E388E00D1AE56 /* GetInfoNotesUITests.xctest */,
			);
			name = Products;
			sourceTree = "<group>";
		};
		14579DAB2A9E388D00D1AE56 /* GetInfoNotes */ = {
			isa = PBXGroup;
			children = (
				14579DAC2A9E388D00D1AE56 /* AppDelegate.swift */,
				14579DAE2A9E388D00D1AE56 /* SceneDelegate.swift */,
				14579DB02A9E388D00D1AE56 /* ViewController.swift */,
				14579DB22A9E388D00D1AE56 /* Main.storyboard */,
				14579DB82A9E388E00D1AE56 /* Assets.xcassets */,
				14579DBA2A9E388E00D1AE56 /* LaunchScreen.storyboard */,
				14579DBD2A9E388E00D1AE56 /* Info.plist */,
				14579DB52A9E388D00D1AE56 /* GetInfoNotes.xcdatamodeld */,
			);
			path = GetInfoNotes;
			sourceTree = "<group>";
		};
		14579DC52A9E388E00D1AE56 /* GetInfoNotesTests */ = {
			isa = PBXGroup;
			children = (
				14579DC62A9E388E00D1AE56 /* GetInfoNotesTests.swift */,
			);
			path = GetInfoNotesTests;
			sourceTree = "<group>";
		};
		14579DCF2A9E388E00D1AE56 /* GetInfoNotesUITests */ = {
			isa = PBXGroup;
			children = (
				14579DD02A9E388E00D1AE56 /* GetInfoNotesUITests.swift */,
				14579DD22A9E388E00D1AE56 /* GetInfoNotesUITestsLaunchTests.swift */,
			);
			path = GetInfoNotesUITests;
			sourceTree = "<group>";
		};
/* End PBXGroup section */

/* Begin PBXNativeTarget section */
		14579DA82A9E388D00D1AE56 /* GetInfoNotes */ = {
			isa = PBXNativeTarget;
			buildConfigurationList = 14579DD62A9E388E00D1AE56 /* Build configuration list for PBXNativeTarget "GetInfoNotes" */;
			buildPhases = (
				14579DA52A9E388D00D1AE56 /* Sources */,
				14579DA62A9E388D00D1AE56 /* Frameworks */,
				14579DA72A9E388D00D1AE56 /* Resources */,
			);
			buildRules = (
			);
			dependencies = (
			);
			name = GetInfoNotes;
			productName = GetInfoNotes;
			productReference = 14579DA92A9E388D00D1AE56 /* GetInfoNotes.app */;
			productType = "com.apple.product-type.application";
		};
		14579DC12A9E388E00D1AE56 /* GetInfoNotesTests */ = {
			isa = PBXNativeTarget;
			buildConfigurationList = 14579DD92A9E388E00D1AE56 /* Build configuration list for PBXNativeTarget "GetInfoNotesTests" */;
			buildPhases = (
				14579DBE2A9E388E00D1AE56 /* Sources */,
				14579DBF2A9E388E00D1AE56 /* Frameworks */,
				14579DC02A9E388E00D1AE56 /* Resources */,
			);
			buildRules = (
			);
			dependencies = (
				14579DC42A9E388E00D1AE56 /* PBXTargetDependency */,
			);
			name = GetInfoNotesTests;
			productName = GetInfoNotesTests;
			productReference = 14579DC22A9E388E00D1AE56 /* GetInfoNotesTests.xctest */;
			productType = "com.apple.product-type.bundle.unit-test";
		};
		14579DCB2A9E388E00D1AE56 /* GetInfoNotesUITests */ = {
			isa = PBXNativeTarget;
			buildConfigurationList = 14579DDC2A9E388E00D1AE56 /* Build configuration list for PBXNativeTarget "GetInfoNotesUITests" */;
			buildPhases = (
				14579DC82A9E388E00D1AE56 /* Sources */,
				14579DC92A9E388E00D1AE56 /* Frameworks */,
				14579DCA2A9E388E00D1AE56 /* Resources */,
			);
			buildRules = (
			);
			dependencies = (
				14579DCE2A9E388E00D1AE56 /* PBXTargetDependency */,
			);
			name = GetInfoNotesUITests;
			productName = GetInfoNotesUITests;
			productReference = 14579DCC2A9E388E00D1AE56 /* GetInfoNotesUITests.xctest */;
			productType = "com.apple.product-type.bundle.ui-testing";
		};
/* End PBXNativeTarget section */

/* Begin PBXProject section */
		14579DA12A9E388D00D1AE56 /* Project object */ = {
			isa = PBXProject;
			attributes = {
				BuildIndependentTargetsInParallel = 1;
				LastSwiftUpdateCheck = 1430;
				LastUpgradeCheck = 1430;
				TargetAttributes = {
					14579DA82A9E388D00D1AE56 = {
						CreatedOnToolsVersion = 14.3.1;
					};
					14579DC12A9E388E00D1AE56 = {
						CreatedOnToolsVersion = 14.3.1;
						TestTargetID = 14579DA82A9E388D00D1AE56;
					};
					14579DCB2A9E388E00D1AE56 = {
						CreatedOnToolsVersion = 14.3.1;
						TestTargetID = 14579DA82A9E388D00D1AE56;
					};
				};
			};
			buildConfigurationList = 14579DA42A9E388D00D1AE56 /* Build configuration list for PBXProject "GetInfoNotes" */;
			compatibilityVersion = "Xcode 14.0";
			developmentRegion = en;
			hasScannedForEncodings = 0;
			knownRegions = (
				en,
				Base,
			);
			mainGroup = 14579DA02A9E388D00D1AE56;
			productRefGroup = 14579DAA2A9E388D00D1AE56 /* Products */;
			projectDirPath = "";
			projectRoot = "";
			targets = (
				14579DA82A9E388D00D1AE56 /* GetInfoNotes */,
				14579DC12A9E388E00D1AE56 /* GetInfoNotesTests */,
				14579DCB2A9E388E00D1AE56 /* GetInfoNotesUITests */,
			);
		};
/* End PBXProject section */

/* Begin PBXResourcesBuildPhase section */
		14579DA72A9E388D00D1AE56 /* Resources */ = {
			isa = PBXResourcesBuildPhase;
			buildActionMask = 2147483647;
			files = (
				14579DBC2A9E388E00D1AE56 /* LaunchScreen.storyboard in Resources */,
				14579DB92A9E388E00D1AE56 /* Assets.xcassets in Resources */,
				14579DB42A9E388D00D1AE56 /* Main.storyboard in Resources */,
			);
			runOnlyForDeploymentPostprocessing = 0;
		};
		14579DC02A9E388E00D1AE56 /* Resources */ = {
			isa = PBXResourcesBuildPhase;
			buildActionMask = 2147483647;
			files = (
			);
			runOnlyForDeploymentPostprocessing = 0;
		};
		14579DCA2A9E388E00D1AE56 /* Resources */ = {
			isa = PBXResourcesBuildPhase;
			buildActionMask = 2147483647;
			files = (
			);
			runOnlyForDeploymentPostprocessing = 0;
		};
/* End PBXResourcesBuildPhase section */

/* Begin PBXSourcesBuildPhase section */
		14579DA52A9E388D00D1AE56 /* Sources */ = {
			isa = PBXSourcesBuildPhase;
			buildActionMask = 2147483647;
			files = (
				14579DB12A9E388D00D1AE56 /* ViewController.swift in Sources */,
				14579DAD2A9E388D00D1AE56 /* AppDelegate.swift in Sources */,
				14579DB72A9E388D00D1AE56 /* GetInfoNotes.xcdatamodeld in Sources */,
				14579DAF2A9E388D00D1AE56 /* SceneDelegate.swift in Sources */,
			);
			runOnlyForDeploymentPostprocessing = 0;
		};
		14579DBE2A9E388E00D1AE56 /* Sources */ = {
			isa = PBXSourcesBuildPhase;
			buildActionMask = 2147483647;
			files = (
				14579DC72A9E388E00D1AE56 /* GetInfoNotesTests.swift in Sources */,
			);
			runOnlyForDeploymentPostprocessing = 0;
		};
		14579DC82A9E388E00D1AE56 /* Sources */ = {
			isa = PBXSourcesBuildPhase;
			buildActionMask = 2147483647;
			files = (
				14579DD12A9E388E00D1AE56 /* GetInfoNotesUITests.swift in Sources */,
				14579DD32A9E388E00D1AE56 /* GetInfoNotesUITestsLaunchTests.swift in Sources */,
			);
			runOnlyForDeploymentPostprocessing = 0;
		};
/* End PBXSourcesBuildPhase section */

/* Begin PBXTargetDependency section */
		14579DC42A9E388E00D1AE56 /* PBXTargetDependency */ = {
			isa = PBXTargetDependency;
			target = 14579DA82A9E388D00D1AE56 /* GetInfoNotes */;
			targetProxy = 14579DC32A9E388E00D1AE56 /* PBXContainerItemProxy */;
		};
		14579DCE2A9E388E00D1AE56 /* PBXTargetDependency */ = {
			isa = PBXTargetDependency;
			target = 14579DA82A9E388D00D1AE56 /* GetInfoNotes */;
			targetProxy = 14579DCD2A9E388E00D1AE56 /* PBXContainerItemProxy */;
		};
/* End PBXTargetDependency section */

/* Begin PBXVariantGroup section */
		14579DB22A9E388D00D1AE56 /* Main.storyboard */ = {
			isa = PBXVariantGroup;
			children = (
				14579DB32A9E388D00D1AE56 /* Base */,
			);
			name = Main.storyboard;
			sourceTree = "<group>";
		};
		14579DBA2A9E388E00D1AE56 /* LaunchScreen.storyboard */ = {
			isa = PBXVariantGroup;
			children = (
				14579DBB2A9E388E00D1AE56 /* Base */,
			);
			name = LaunchScreen.storyboard;
			sourceTree = "<group>";
		};
/* End PBXVariantGroup section */

/* Begin XCBuildConfiguration section */
		14579DD42A9E388E00D1AE56 /* Debug */ = {
			isa = XCBuildConfiguration;
			buildSettings = {
				ALWAYS_SEARCH_USER_PATHS = NO;
				CLANG_ANALYZER_NONNULL = YES;
				CLANG_ANALYZER_NUMBER_OBJECT_CONVERSION = YES_AGGRESSIVE;
				CLANG_CXX_LANGUAGE_STANDARD = "gnu++20";
				CLANG_ENABLE_MODULES = YES;
				CLANG_ENABLE_OBJC_ARC = YES;
				CLANG_ENABLE_OBJC_WEAK = YES;
				CLANG_WARN_BLOCK_CAPTURE_AUTORELEASING = YES;
				CLANG_WARN_BOOL_CONVERSION = YES;
				CLANG_WARN_COMMA = YES;
				CLANG_WARN_CONSTANT_CONVERSION = YES;
				CLANG_WARN_DEPRECATED_OBJC_IMPLEMENTATIONS = YES;
				CLANG_WARN_DIRECT_OBJC_ISA_USAGE = YES_ERROR;
				CLANG_WARN_DOCUMENTATION_COMMENTS = YES;
				CLANG_WARN_EMPTY_BODY = YES;
				CLANG_WARN_ENUM_CONVERSION = YES;
				CLANG_WARN_INFINITE_RECURSION = YES;
				CLANG_WARN_INT_CONVERSION = YES;
				CLANG_WARN_NON_LITERAL_NULL_CONVERSION = YES;
				CLANG_WARN_OBJC_IMPLICIT_RETAIN_SELF = YES;
				CLANG_WARN_OBJC_LITERAL_CONVERSION = YES;
				CLANG_WARN_OBJC_ROOT_CLASS = YES_ERROR;
				CLANG_WARN_QUOTED_INCLUDE_IN_FRAMEWORK_HEADER = YES;
				CLANG_WARN_RANGE_LOOP_ANALYSIS = YES;
				CLANG_WARN_STRICT_PROTOTYPES = YES;
				CLANG_WARN_SUSPICIOUS_MOVE = YES;
				CLANG_WARN_UNGUARDED_AVAILABILITY = YES_AGGRESSIVE;
				CLANG_WARN_UNREACHABLE_CODE = YES;
				CLANG_WARN__DUPLICATE_METHOD_MATCH = YES;
				COPY_PHASE_STRIP = NO;
				DEBUG_INFORMATION_FORMAT = dwarf;
				ENABLE_STRICT_OBJC_MSGSEND = YES;
				ENABLE_TESTABILITY = YES;
				GCC_C_LANGUAGE_STANDARD = gnu11;
				GCC_DYNAMIC_NO_PIC = NO;
				GCC_NO_COMMON_BLOCKS = YES;
				GCC_OPTIMIZATION_LEVEL = 0;
				GCC_PREPROCESSOR_DEFINITIONS = (
					"DEBUG=1",
					"$(inherited)",
				);
				GCC_WARN_64_TO_32_BIT_CONVERSION = YES;
				GCC_WARN_ABOUT_RETURN_TYPE = YES_ERROR;
				GCC_WARN_UNDECLARED_SELECTOR = YES;
				GCC_WARN_UNINITIALIZED_AUTOS = YES_AGGRESSIVE;
				GCC_WARN_UNUSED_FUNCTION = YES;
				GCC_WARN_UNUSED_VARIABLE = YES;
				IPHONEOS_DEPLOYMENT_TARGET = 16.4;
				MTL_ENABLE_DEBUG_INFO = INCLUDE_SOURCE;
				MTL_FAST_MATH = YES;
				ONLY_ACTIVE_ARCH = YES;
				SDKROOT = iphoneos;
				SWIFT_ACTIVE_COMPILATION_CONDITIONS = DEBUG;
				SWIFT_OPTIMIZATION_LEVEL = "-Onone";
			};
			name = Debug;
		};
		14579DD52A9E388E00D1AE56 /* Release */ = {
			isa = XCBuildConfiguration;
			buildSettings = {
				ALWAYS_SEARCH_USER_PATHS = NO;
				CLANG_ANALYZER_NONNULL = YES;
				CLANG_ANALYZER_NUMBER_OBJECT_CONVERSION = YES_AGGRESSIVE;
				CLANG_CXX_LANGUAGE_STANDARD = "gnu++20";
				CLANG_ENABLE_MODULES = YES;
				CLANG_ENABLE_OBJC_ARC = YES;
				CLANG_ENABLE_OBJC_WEAK = YES;
				CLANG_WARN_BLOCK_CAPTURE_AUTORELEASING = YES;
				CLANG_WARN_BOOL_CONVERSION = YES;
				CLANG_WARN_COMMA = YES;
				CLANG_WARN_CONSTANT_CONVERSION = YES;
				CLANG_WARN_DEPRECATED_OBJC_IMPLEMENTATIONS = YES;
				CLANG_WARN_DIRECT_OBJC_ISA_USAGE = YES_ERROR;
				CLANG_WARN_DOCUMENTATION_COMMENTS = YES;
				CLANG_WARN_EMPTY_BODY = YES;
				CLANG_WARN_ENUM_CONVERSION = YES;
				CLANG_WARN_INFINITE_RECURSION = YES;
				CLANG_WARN_INT_CONVERSION = YES;
				CLANG_WARN_NON_LITERAL_NULL_CONVERSION = YES;
				CLANG_WARN_OBJC_IMPLICIT_RETAIN_SELF = YES;
				CLANG_WARN_OBJC_LITERAL_CONVERSION = YES;
				CLANG_WARN_OBJC_ROOT_CLASS = YES_ERROR;
				CLANG_WARN_QUOTED_INCLUDE_IN_FRAMEWORK_HEADER = YES;
				CLANG_WARN_RANGE_LOOP_ANALYSIS = YES;
				CLANG_WARN_STRICT_PROTOTYPES = YES;
				CLANG_WARN_SUSPICIOUS_MOVE = YES;
				CLANG_WARN_UNGUARDED_AVAILABILITY = YES_AGGRESSIVE;
				CLANG_WARN_UNREACHABLE_CODE = YES;
				CLANG_WARN__DUPLICATE_METHOD_MATCH = YES;
				COPY_PHASE_STRIP = NO;
				DEBUG_INFORMATION_FORMAT = "dwarf-with-dsym";
				ENABLE_NS_ASSERTIONS = NO;
				ENABLE_STRICT_OBJC_MSGSEND = YES;
				GCC_C_LANGUAGE_STANDARD = gnu11;
				GCC_NO_COMMON_BLOCKS = YES;
				GCC_WARN_64_TO_32_BIT_CONVERSION = YES;
				GCC_WARN_ABOUT_RETURN_TYPE = YES_ERROR;
				GCC_WARN_UNDECLARED_SELECTOR = YES;
				GCC_WARN_UNINITIALIZED_AUTOS = YES_AGGRESSIVE;
				GCC_WARN_UNUSED_FUNCTION = YES;
				GCC_WARN_UNUSED_VARIABLE = YES;
				IPHONEOS_DEPLOYMENT_TARGET = 16.4;
				MTL_ENABLE_DEBUG_INFO = NO;
				MTL_FAST_MATH = YES;
				SDKROOT = iphoneos;
				SWIFT_COMPILATION_MODE = wholemodule;
				SWIFT_OPTIMIZATION_LEVEL = "-O";
				VALIDATE_PRODUCT = YES;
			};
			name = Release;
		};
		14579DD72A9E388E00D1AE56 /* Debug */ = {
			isa = XCBuildConfiguration;
			buildSettings = {
				ASSETCATALOG_COMPILER_APPICON_NAME = AppIcon;
				ASSETCATALOG_COMPILER_GLOBAL_ACCENT_COLOR_NAME = AccentColor;
				CODE_SIGN_STYLE = Automatic;
				CURRENT_PROJECT_VERSION = 1;
				DEVELOPMENT_TEAM = SZURQ69PCN;
				GENERATE_INFOPLIST_FILE = YES;
				INFOPLIST_FILE = GetInfoNotes/Info.plist;
				INFOPLIST_KEY_UIApplicationSupportsIndirectInputEvents = YES;
				INFOPLIST_KEY_UILaunchStoryboardName = LaunchScreen;
				INFOPLIST_KEY_UIMainStoryboardFile = Main;
				INFOPLIST_KEY_UISupportedInterfaceOrientations_iPad = "UIInterfaceOrientationPortrait UIInterfaceOrientationPortraitUpsideDown UIInterfaceOrientationLandscapeLeft UIInterfaceOrientationLandscapeRight";
				INFOPLIST_KEY_UISupportedInterfaceOrientations_iPhone = "UIInterfaceOrientationPortrait UIInterfaceOrientationLandscapeLeft UIInterfaceOrientationLandscapeRight";
				LD_RUNPATH_SEARCH_PATHS = (
					"$(inherited)",
					"@executable_path/Frameworks",
				);
				MARKETING_VERSION = 1.0;
				PRODUCT_BUNDLE_IDENTIFIER = clc.GetInfoNotes;
				PRODUCT_NAME = "$(TARGET_NAME)";
				SWIFT_EMIT_LOC_STRINGS = YES;
				SWIFT_VERSION = 5.0;
				TARGETED_DEVICE_FAMILY = "1,2";
			};
			name = Debug;
		};
		14579DD82A9E388E00D1AE56 /* Release */ = {
			isa = XCBuildConfiguration;
			buildSettings = {
				ASSETCATALOG_COMPILER_APPICON_NAME = AppIcon;
				ASSETCATALOG_COMPILER_GLOBAL_ACCENT_COLOR_NAME = AccentColor;
				CODE_SIGN_STYLE = Automatic;
				CURRENT_PROJECT_VERSION = 1;
				DEVELOPMENT_TEAM = SZURQ69PCN;
				GENERATE_INFOPLIST_FILE = YES;
				INFOPLIST_FILE = GetInfoNotes/Info.plist;
				INFOPLIST_KEY_UIApplicationSupportsIndirectInputEvents = YES;
				INFOPLIST_KEY_UILaunchStoryboardName = LaunchScreen;
				INFOPLIST_KEY_UIMainStoryboardFile = Main;
				INFOPLIST_KEY_UISupportedInterfaceOrientations_iPad = "UIInterfaceOrientationPortrait UIInterfaceOrientationPortraitUpsideDown UIInterfaceOrientationLandscapeLeft UIInterfaceOrientationLandscapeRight";
				INFOPLIST_KEY_UISupportedInterfaceOrientations_iPhone = "UIInterfaceOrientationPortrait UIInterfaceOrientationLandscapeLeft UIInterfaceOrientationLandscapeRight";
				LD_RUNPATH_SEARCH_PATHS = (
					"$(inherited)",
					"@executable_path/Frameworks",
				);
				MARKETING_VERSION = 1.0;
				PRODUCT_BUNDLE_IDENTIFIER = clc.GetInfoNotes;
				PRODUCT_NAME = "$(TARGET_NAME)";
				SWIFT_EMIT_LOC_STRINGS = YES;
				SWIFT_VERSION = 5.0;
				TARGETED_DEVICE_FAMILY = "1,2";
			};
			name = Release;
		};
		14579DDA2A9E388E00D1AE56 /* Debug */ = {
			isa = XCBuildConfiguration;
			buildSettings = {
				ALWAYS_EMBED_SWIFT_STANDARD_LIBRARIES = YES;
				BUNDLE_LOADER = "$(TEST_HOST)";
				CODE_SIGN_STYLE = Automatic;
				CURRENT_PROJECT_VERSION = 1;
				DEVELOPMENT_TEAM = SZURQ69PCN;
				GENERATE_INFOPLIST_FILE = YES;
				IPHONEOS_DEPLOYMENT_TARGET = 16.4;
				MARKETING_VERSION = 1.0;
				PRODUCT_BUNDLE_IDENTIFIER = clc.GetInfoNotesTests;
				PRODUCT_NAME = "$(TARGET_NAME)";
				SWIFT_EMIT_LOC_STRINGS = NO;
				SWIFT_VERSION = 5.0;
				TARGETED_DEVICE_FAMILY = "1,2";
				TEST_HOST = "$(BUILT_PRODUCTS_DIR)/GetInfoNotes.app/$(BUNDLE_EXECUTABLE_FOLDER_PATH)/GetInfoNotes";
			};
			name = Debug;
		};
		14579DDB2A9E388E00D1AE56 /* Release */ = {
			isa = XCBuildConfiguration;
			buildSettings = {
				ALWAYS_EMBED_SWIFT_STANDARD_LIBRARIES = YES;
				BUNDLE_LOADER = "$(TEST_HOST)";
				CODE_SIGN_STYLE = Automatic;
				CURRENT_PROJECT_VERSION = 1;
				DEVELOPMENT_TEAM = SZURQ69PCN;
				GENERATE_INFOPLIST_FILE = YES;
				IPHONEOS_DEPLOYMENT_TARGET = 16.4;
				MARKETING_VERSION = 1.0;
				PRODUCT_BUNDLE_IDENTIFIER = clc.GetInfoNotesTests;
				PRODUCT_NAME = "$(TARGET_NAME)";
				SWIFT_EMIT_LOC_STRINGS = NO;
				SWIFT_VERSION = 5.0;
				TARGETED_DEVICE_FAMILY = "1,2";
				TEST_HOST = "$(BUILT_PRODUCTS_DIR)/GetInfoNotes.app/$(BUNDLE_EXECUTABLE_FOLDER_PATH)/GetInfoNotes";
			};
			name = Release;
		};
		14579DDD2A9E388E00D1AE56 /* Debug */ = {
			isa = XCBuildConfiguration;
			buildSettings = {
				ALWAYS_EMBED_SWIFT_STANDARD_LIBRARIES = YES;
				CODE_SIGN_STYLE = Automatic;
				CURRENT_PROJECT_VERSION = 1;
				DEVELOPMENT_TEAM = SZURQ69PCN;
				GENERATE_INFOPLIST_FILE = YES;
				MARKETING_VERSION = 1.0;
				PRODUCT_BUNDLE_IDENTIFIER = clc.GetInfoNotesUITests;
				PRODUCT_NAME = "$(TARGET_NAME)";
				SWIFT_EMIT_LOC_STRINGS = NO;
				SWIFT_VERSION = 5.0;
				TARGETED_DEVICE_FAMILY = "1,2";
				TEST_TARGET_NAME = GetInfoNotes;
			};
			name = Debug;
		};
		14579DDE2A9E388E00D1AE56 /* Release */ = {
			isa = XCBuildConfiguration;
			buildSettings = {
				ALWAYS_EMBED_SWIFT_STANDARD_LIBRARIES = YES;
				CODE_SIGN_STYLE = Automatic;
				CURRENT_PROJECT_VERSION = 1;
				DEVELOPMENT_TEAM = SZURQ69PCN;
				GENERATE_INFOPLIST_FILE = YES;
				MARKETING_VERSION = 1.0;
				PRODUCT_BUNDLE_IDENTIFIER = clc.GetInfoNotesUITests;
				PRODUCT_NAME = "$(TARGET_NAME)";
				SWIFT_EMIT_LOC_STRINGS = NO;
				SWIFT_VERSION = 5.0;
				TARGETED_DEVICE_FAMILY = "1,2";
				TEST_TARGET_NAME = GetInfoNotes;
			};
			name = Release;
		};
/* End XCBuildConfiguration section */

/* Begin XCConfigurationList section */
		14579DA42A9E388D00D1AE56 /* Build configuration list for PBXProject "GetInfoNotes" */ = {
			isa = XCConfigurationList;
			buildConfigurations = (
				14579DD42A9E388E00D1AE56 /* Debug */,
				14579DD52A9E388E00D1AE56 /* Release */,
			);
			defaultConfigurationIsVisible = 0;
			defaultConfigurationName = Release;
		};
		14579DD62A9E388E00D1AE56 /* Build configuration list for PBXNativeTarget "GetInfoNotes" */ = {
			isa = XCConfigurationList;
			buildConfigurations = (
				14579DD72A9E388E00D1AE56 /* Debug */,
				14579DD82A9E388E00D1AE56 /* Release */,
			);
			defaultConfigurationIsVisible = 0;
			defaultConfigurationName = Release;
		};
		14579DD92A9E388E00D1AE56 /* Build configuration list for PBXNativeTarget "GetInfoNotesTests" */ = {
			isa = XCConfigurationList;
			buildConfigurations = (
				14579DDA2A9E388E00D1AE56 /* Debug */,
				14579DDB2A9E388E00D1AE56 /* Release */,
			);
			defaultConfigurationIsVisible = 0;
			defaultConfigurationName = Release;
		};
		14579DDC2A9E388E00D1AE56 /* Build configuration list for PBXNativeTarget "GetInfoNotesUITests" */ = {
			isa = XCConfigurationList;
			buildConfigurations = (
				14579DDD2A9E388E00D1AE56 /* Debug */,
				14579DDE2A9E388E00D1AE56 /* Release */,
			);
			defaultConfigurationIsVisible = 0;
			defaultConfigurationName = Release;
		};
/* End XCConfigurationList section */

/* Begin XCVersionGroup section */
		14579DB52A9E388D00D1AE56 /* GetInfoNotes.xcdatamodeld */ = {
			isa = XCVersionGroup;
			children = (
				14579DB62A9E388D00D1AE56 /* GetInfoNotes.xcdatamodel */,
			);
			currentVersion = 14579DB62A9E388D00D1AE56 /* GetInfoNotes.xcdatamodel */;
			path = GetInfoNotes.xcdatamodeld;
			sourceTree = "<group>";
			versionGroupType = wrapper.xcdatamodel;
		};
/* End XCVersionGroup section */
	};
	rootObject = 14579DA12A9E388D00D1AE56 /* Project object */;
}
